
Microsoft Visual Studio Solution File, Format Version 12.00
# Visual Studio Version 16
VisualStudioVersion = 16.0.31410.357
MinimumVisualStudioVersion = 10.0.40219.1
Project("{FAE04EC0-301F-11D3-BF4B-00C04F79EFBC}") = "PDF", "PDF\PDF.csproj", "{E2034FA7-DC17-47DE-A878-CBE7193281F4}"
EndProject
Global
	GlobalSection(SolutionConfigurationPlatforms) = preSolution
		Debug|Any CPU = Debug|Any CPU
		Release|Any CPU = Release|Any CPU
	EndGlobalSection
	GlobalSection(ProjectConfigurationPlatforms) = postSolution
		{E2034FA7-DC17-47DE-A878-CBE7193281F4}.Debug|Any CPU.ActiveCfg = Debug|Any CPU
		{E2034FA7-DC17-47DE-A878-CBE7193281F4}.Debug|Any CPU.Build.0 = Debug|Any CPU
		{E2034FA7-DC17-47DE-A878-CBE7193281F4}.Release|Any CPU.ActiveCfg = Release|Any CPU
		{E2034FA7-DC17-47DE-A878-CBE7193281F4}.Release|Any CPU.Build.0 = Release|Any CPU
	EndGlobalSection
	GlobalSection(SolutionProperties) = preSolution
		HideSolutionNode = FALSE
	EndGlobalSection
	GlobalSection(ExtensibilityGlobals) = postSolution
		SolutionGuid = {7F3E3416-BBCC-441B-8A0A-D58FA6D4F584}
	EndGlobalSection
EndGlobal
